
Microsoft Visual Studio Solution File, Format Version 12.00
Project("{F2A71F9B-5D33-465A-A702-920D77279786}") = "E001_HelloWorld", "E001_HelloWorld\E001_HelloWorld.fsproj", "{568B6A89-8223-488A-8F70-9835CD6C362D}"
EndProject
Project("{F2A71F9B-5D33-465A-A702-920D77279786}") = "E002_ConsoleOutput", "E002_ConsoleOutput\E002_ConsoleOutput.fsproj", "{5385F192-7108-44D0-86F4-8FF626C4F2C8}"
EndProject
Project("{F2A71F9B-5D33-465A-A702-920D77279786}") = "E003_FunctionBasics", "E003_FunctionBasics\E003_FunctionBasics.fsproj", "{CEEB91A4-7AA3-4EFD-BB0A-979933376777}"
EndProject
Project("{F2A71F9B-5D33-465A-A702-920D77279786}") = "E004_Conversion", "E004_Conversion\E004_Conversion.fsproj", "{847ED131-F3C7-4601-AC69-86D8F5CD1594}"
EndProject
Project("{F2A71F9B-5D33-465A-A702-920D77279786}") = "E005_TypeCasting", "E005_TypeCasting\E005_TypeCasting.fsproj", "{B087723D-2262-4F52-87B9-401BE6012884}"
EndProject
Project("{F2A71F9B-5D33-465A-A702-920D77279786}") = "E006_Arithmetic", "E006_Arithmetic\E006_Arithmetic.fsproj", "{85D46839-DA2E-4477-B3BB-0ED138682FDE}"
EndProject
Project("{F2A71F9B-5D33-465A-A702-920D77279786}") = "E007_Operators", "E007_Operators\E007_Operators.fsproj", "{04DF914D-B663-4B43-8356-EFCAFEC3ED5D}"
EndProject
Project("{F2A71F9B-5D33-465A-A702-920D77279786}") = "E008_Input", "E008_Input\E008_Input.fsproj", "{FC6922D6-966B-4A9B-85EF-2F19DE36A851}"
EndProject
Project("{F2A71F9B-5D33-465A-A702-920D77279786}") = "E009_PatternMatching", "E009_PatternMatching\E009_PatternMatching.fsproj", "{1D4B73CE-1570-4C33-8B43-3EB308BF2784}"
EndProject
Project("{F2A71F9B-5D33-465A-A702-920D77279786}") = "E010_Loops", "E010_Loops\E010_Loops.fsproj", "{3648A02E-D832-474C-8F7A-12C51A2A1A74}"
EndProject
Project("{F2A71F9B-5D33-465A-A702-920D77279786}") = "E011_FactorialFunction", "E011_FactorialFunction\E011_FactorialFunction.fsproj", "{1568A313-23DE-46F9-AA9A-F3BB2FB4D638}"
EndProject
Project("{F2A71F9B-5D33-465A-A702-920D77279786}") = "E012_FunctionComposition", "E012_FunctionComposition\E012_FunctionComposition.fsproj", "{52829361-2F11-4369-8741-47AE72D3AFA2}"
EndProject
Project("{F2A71F9B-5D33-465A-A702-920D77279786}") = "E013_FunctionPipelining", "E013_FunctionPipelining\E013_FunctionPipelining.fsproj", "{E8557914-31E4-4BF8-8844-22C62C5F4BC8}"
EndProject
Project("{F2A71F9B-5D33-465A-A702-920D77279786}") = "E014_LambdaExpressions", "E014_LambdaExpressions\E014_LambdaExpressions.fsproj", "{9DDDE5FE-F03D-4B56-A6A5-1F65FF05B2AF}"
EndProject
Project("{F2A71F9B-5D33-465A-A702-920D77279786}") = "E015_InlineFunction", "E015_InlineFunction\E015_InlineFunction.fsproj", "{31F53D12-C147-4AA9-9B71-8B058179CFBF}"
EndProject
Project("{F2A71F9B-5D33-465A-A702-920D77279786}") = "E016_String", "E016_String\E016_String.fsproj", "{0D3FAAF8-7855-4F15-A1A0-83CB46538A1A}"
EndProject
Project("{F2A71F9B-5D33-465A-A702-920D77279786}") = "E017_Tuple", "E017_Tuple\E017_Tuple.fsproj", "{34DEEDA3-2CF9-43B9-A105-A3D45DDA0C94}"
EndProject
Project("{F2A71F9B-5D33-465A-A702-920D77279786}") = "E018_List", "E018_List\E018_List.fsproj", "{AEF889BF-DC35-426E-B172-4EA2B6D76748}"
EndProject
Project("{F2A71F9B-5D33-465A-A702-920D77279786}") = "E019_Array", "E019_Array\E019_Array.fsproj", "{697F4899-1441-4B6C-B271-1B753A16428D}"
EndProject
Project("{F2A71F9B-5D33-465A-A702-920D77279786}") = "E020_Sequence", "E020_Sequence\E020_Sequence.fsproj", "{79ED6424-EB9B-41C2-81EE-BB49C2372427}"
EndProject
Project("{F2A71F9B-5D33-465A-A702-920D77279786}") = "E021_Generics", "E021_Generics\E021_Generics.fsproj", "{3D845CCA-680B-4861-B146-F9432ADFBADC}"
EndProject
Project("{F2A71F9B-5D33-465A-A702-920D77279786}") = "E022_Records", "E022_Records\E022_Records.fsproj", "{23D66862-1655-4A27-90BB-1A868B457BDB}"
EndProject
Project("{F2A71F9B-5D33-465A-A702-920D77279786}") = "E023_Enumeration", "E023_Enumeration\E023_Enumeration.fsproj", "{73ECB619-4D87-4290-8246-857407D450A9}"
EndProject
Project("{F2A71F9B-5D33-465A-A702-920D77279786}") = "E024_ReferenceCells", "E024_ReferenceCells\E024_ReferenceCells.fsproj", "{1B13C474-B8CA-4BCB-9278-10FD379871F1}"
EndProject
Project("{F2A71F9B-5D33-465A-A702-920D77279786}") = "E025_Structure", "E025_Structure\E025_Structure.fsproj", "{337A8EB4-62DF-4522-86EA-5474C5F93D3D}"
EndProject
Project("{F2A71F9B-5D33-465A-A702-920D77279786}") = "E026_DiscriminatedUnion", "E026_DiscriminatedUnion\E026_DiscriminatedUnion.fsproj", "{C8A74D69-6A59-4678-81BE-98E95D708EE5}"
EndProject
Project("{F2A71F9B-5D33-465A-A702-920D77279786}") = "E027_LambdaExpression", "E027_LambdaExpression\E027_LambdaExpression.fsproj", "{6D162E3C-3961-4AD1-8840-EBFF3458FCCC}"
EndProject
Project("{F2A71F9B-5D33-465A-A702-920D77279786}") = "E028_DiscriminatedUnion", "E028_DiscriminatedUnion\E028_DiscriminatedUnion.fsproj", "{2AF9461A-9D37-4F7A-9721-61C803EE712C}"
EndProject
Project("{F2A71F9B-5D33-465A-A702-920D77279786}") = "E029_Class", "E029_Class\E029_Class.fsproj", "{A6D390D8-DEA4-4969-BE0E-4687458BBF5B}"
EndProject
Project("{F2A71F9B-5D33-465A-A702-920D77279786}") = "E030_Inheritance", "E030_Inheritance\E030_Inheritance.fsproj", "{8C58C65A-9254-43E2-9EDF-63AB49F6BA3C}"
EndProject
Project("{F2A71F9B-5D33-465A-A702-920D77279786}") = "E031_MethodOverriding", "E031_MethodOverriding\E031_MethodOverriding.fsproj", "{95379F71-5C2C-4C41-B4D3-F0B8FB4EED88}"
EndProject
Project("{F2A71F9B-5D33-465A-A702-920D77279786}") = "E032_AbstractClass", "E032_AbstractClass\E032_AbstractClass.fsproj", "{05E8048F-CB95-4094-85D0-629A8091274D}"
EndProject
Project("{F2A71F9B-5D33-465A-A702-920D77279786}") = "E033_Interface", "E033_Interface\E033_Interface.fsproj", "{319A4CFD-6CA1-4029-8A63-3BB1162C8654}"
EndProject
Project("{F2A71F9B-5D33-465A-A702-920D77279786}") = "E034_TypeExtension", "E034_TypeExtension\E034_TypeExtension.fsproj", "{4346EEE0-A751-4602-9927-9FED3F256D85}"
EndProject
Project("{F2A71F9B-5D33-465A-A702-920D77279786}") = "P001_IsogramWord", "..\practice\P001_IsogramWord\P001_IsogramWord.fsproj", "{971C1A5A-DE90-4741-9106-53214BF8F7A4}"
EndProject
Project("{F2A71F9B-5D33-465A-A702-920D77279786}") = "P002_EvenSum", "P002_EvenSum\P002_EvenSum.fsproj", "{10BCCC80-E501-437B-97C0-B2C2099AAF40}"
EndProject
Project("{F2A71F9B-5D33-465A-A702-920D77279786}") = "E035_OperatorOverloading", "E035_OperatorOverloading\E035_OperatorOverloading.fsproj", "{93432C60-5B44-47E1-8241-A47D4D935E08}"
EndProject
Project("{F2A71F9B-5D33-465A-A702-920D77279786}") = "E036_ObjectExpression", "E036_ObjectExpression\E036_ObjectExpression.fsproj", "{315AE7C8-26B4-4E4B-9E3E-62647DE44C0D}"
EndProject
Project("{F2A71F9B-5D33-465A-A702-920D77279786}") = "E037_ExceptionHandling", "E037_ExceptionHandling\E037_ExceptionHandling.fsproj", "{67425975-F25E-4478-A199-DD083DB6D08B}"
EndProject
Project("{F2A71F9B-5D33-465A-A702-920D77279786}") = "E038_UserDefinedException", "E038_UserDefinedException\E038_UserDefinedException.fsproj", "{BD32EEEE-E1BA-4DD3-9016-E7B4249E1853}"
EndProject
Project("{F2A71F9B-5D33-465A-A702-920D77279786}") = "E039_ExceptionHandling", "E039_ExceptionHandling\E039_ExceptionHandling.fsproj", "{73E1F2C7-08A1-4BE0-A71D-8AD29BE8D5F6}"
EndProject
Project("{F2A71F9B-5D33-465A-A702-920D77279786}") = "E040_Assertion", "E040_Assertion\E040_Assertion.fsproj", "{819C7D5E-21B6-4903-B4FA-2FB51C1D5506}"
EndProject
Project("{F2A71F9B-5D33-465A-A702-920D77279786}") = "E041_PartialApplication", "E041_PartialApplication\E041_PartialApplication.fsproj", "{116EDBEC-AA8D-4B62-A3FA-26FD5E369687}"
EndProject
Global
	GlobalSection(SolutionConfigurationPlatforms) = preSolution
		Debug|Any CPU = Debug|Any CPU
		Release|Any CPU = Release|Any CPU
	EndGlobalSection
	GlobalSection(ProjectConfigurationPlatforms) = postSolution
		{568B6A89-8223-488A-8F70-9835CD6C362D}.Debug|Any CPU.ActiveCfg = Debug|Any CPU
		{568B6A89-8223-488A-8F70-9835CD6C362D}.Debug|Any CPU.Build.0 = Debug|Any CPU
		{568B6A89-8223-488A-8F70-9835CD6C362D}.Release|Any CPU.ActiveCfg = Release|Any CPU
		{568B6A89-8223-488A-8F70-9835CD6C362D}.Release|Any CPU.Build.0 = Release|Any CPU
		{5385F192-7108-44D0-86F4-8FF626C4F2C8}.Debug|Any CPU.ActiveCfg = Debug|Any CPU
		{5385F192-7108-44D0-86F4-8FF626C4F2C8}.Debug|Any CPU.Build.0 = Debug|Any CPU
		{5385F192-7108-44D0-86F4-8FF626C4F2C8}.Release|Any CPU.ActiveCfg = Release|Any CPU
		{5385F192-7108-44D0-86F4-8FF626C4F2C8}.Release|Any CPU.Build.0 = Release|Any CPU
		{CEEB91A4-7AA3-4EFD-BB0A-979933376777}.Debug|Any CPU.ActiveCfg = Debug|Any CPU
		{CEEB91A4-7AA3-4EFD-BB0A-979933376777}.Debug|Any CPU.Build.0 = Debug|Any CPU
		{CEEB91A4-7AA3-4EFD-BB0A-979933376777}.Release|Any CPU.ActiveCfg = Release|Any CPU
		{CEEB91A4-7AA3-4EFD-BB0A-979933376777}.Release|Any CPU.Build.0 = Release|Any CPU
		{847ED131-F3C7-4601-AC69-86D8F5CD1594}.Debug|Any CPU.ActiveCfg = Debug|Any CPU
		{847ED131-F3C7-4601-AC69-86D8F5CD1594}.Debug|Any CPU.Build.0 = Debug|Any CPU
		{847ED131-F3C7-4601-AC69-86D8F5CD1594}.Release|Any CPU.ActiveCfg = Release|Any CPU
		{847ED131-F3C7-4601-AC69-86D8F5CD1594}.Release|Any CPU.Build.0 = Release|Any CPU
		{B087723D-2262-4F52-87B9-401BE6012884}.Debug|Any CPU.ActiveCfg = Debug|Any CPU
		{B087723D-2262-4F52-87B9-401BE6012884}.Debug|Any CPU.Build.0 = Debug|Any CPU
		{B087723D-2262-4F52-87B9-401BE6012884}.Release|Any CPU.ActiveCfg = Release|Any CPU
		{B087723D-2262-4F52-87B9-401BE6012884}.Release|Any CPU.Build.0 = Release|Any CPU
		{85D46839-DA2E-4477-B3BB-0ED138682FDE}.Debug|Any CPU.ActiveCfg = Debug|Any CPU
		{85D46839-DA2E-4477-B3BB-0ED138682FDE}.Debug|Any CPU.Build.0 = Debug|Any CPU
		{85D46839-DA2E-4477-B3BB-0ED138682FDE}.Release|Any CPU.ActiveCfg = Release|Any CPU
		{85D46839-DA2E-4477-B3BB-0ED138682FDE}.Release|Any CPU.Build.0 = Release|Any CPU
		{04DF914D-B663-4B43-8356-EFCAFEC3ED5D}.Debug|Any CPU.ActiveCfg = Debug|Any CPU
		{04DF914D-B663-4B43-8356-EFCAFEC3ED5D}.Debug|Any CPU.Build.0 = Debug|Any CPU
		{04DF914D-B663-4B43-8356-EFCAFEC3ED5D}.Release|Any CPU.ActiveCfg = Release|Any CPU
		{04DF914D-B663-4B43-8356-EFCAFEC3ED5D}.Release|Any CPU.Build.0 = Release|Any CPU
		{FC6922D6-966B-4A9B-85EF-2F19DE36A851}.Debug|Any CPU.ActiveCfg = Debug|Any CPU
		{FC6922D6-966B-4A9B-85EF-2F19DE36A851}.Debug|Any CPU.Build.0 = Debug|Any CPU
		{FC6922D6-966B-4A9B-85EF-2F19DE36A851}.Release|Any CPU.ActiveCfg = Release|Any CPU
		{FC6922D6-966B-4A9B-85EF-2F19DE36A851}.Release|Any CPU.Build.0 = Release|Any CPU
		{1D4B73CE-1570-4C33-8B43-3EB308BF2784}.Debug|Any CPU.ActiveCfg = Debug|Any CPU
		{1D4B73CE-1570-4C33-8B43-3EB308BF2784}.Debug|Any CPU.Build.0 = Debug|Any CPU
		{1D4B73CE-1570-4C33-8B43-3EB308BF2784}.Release|Any CPU.ActiveCfg = Release|Any CPU
		{1D4B73CE-1570-4C33-8B43-3EB308BF2784}.Release|Any CPU.Build.0 = Release|Any CPU
		{3648A02E-D832-474C-8F7A-12C51A2A1A74}.Debug|Any CPU.ActiveCfg = Debug|Any CPU
		{3648A02E-D832-474C-8F7A-12C51A2A1A74}.Debug|Any CPU.Build.0 = Debug|Any CPU
		{3648A02E-D832-474C-8F7A-12C51A2A1A74}.Release|Any CPU.ActiveCfg = Release|Any CPU
		{3648A02E-D832-474C-8F7A-12C51A2A1A74}.Release|Any CPU.Build.0 = Release|Any CPU
		{1568A313-23DE-46F9-AA9A-F3BB2FB4D638}.Debug|Any CPU.ActiveCfg = Debug|Any CPU
		{1568A313-23DE-46F9-AA9A-F3BB2FB4D638}.Debug|Any CPU.Build.0 = Debug|Any CPU
		{1568A313-23DE-46F9-AA9A-F3BB2FB4D638}.Release|Any CPU.ActiveCfg = Release|Any CPU
		{1568A313-23DE-46F9-AA9A-F3BB2FB4D638}.Release|Any CPU.Build.0 = Release|Any CPU
		{52829361-2F11-4369-8741-47AE72D3AFA2}.Debug|Any CPU.ActiveCfg = Debug|Any CPU
		{52829361-2F11-4369-8741-47AE72D3AFA2}.Debug|Any CPU.Build.0 = Debug|Any CPU
		{52829361-2F11-4369-8741-47AE72D3AFA2}.Release|Any CPU.ActiveCfg = Release|Any CPU
		{52829361-2F11-4369-8741-47AE72D3AFA2}.Release|Any CPU.Build.0 = Release|Any CPU
		{E8557914-31E4-4BF8-8844-22C62C5F4BC8}.Debug|Any CPU.ActiveCfg = Debug|Any CPU
		{E8557914-31E4-4BF8-8844-22C62C5F4BC8}.Debug|Any CPU.Build.0 = Debug|Any CPU
		{E8557914-31E4-4BF8-8844-22C62C5F4BC8}.Release|Any CPU.ActiveCfg = Release|Any CPU
		{E8557914-31E4-4BF8-8844-22C62C5F4BC8}.Release|Any CPU.Build.0 = Release|Any CPU
		{9DDDE5FE-F03D-4B56-A6A5-1F65FF05B2AF}.Debug|Any CPU.ActiveCfg = Debug|Any CPU
		{9DDDE5FE-F03D-4B56-A6A5-1F65FF05B2AF}.Debug|Any CPU.Build.0 = Debug|Any CPU
		{9DDDE5FE-F03D-4B56-A6A5-1F65FF05B2AF}.Release|Any CPU.ActiveCfg = Release|Any CPU
		{9DDDE5FE-F03D-4B56-A6A5-1F65FF05B2AF}.Release|Any CPU.Build.0 = Release|Any CPU
		{31F53D12-C147-4AA9-9B71-8B058179CFBF}.Debug|Any CPU.ActiveCfg = Debug|Any CPU
		{31F53D12-C147-4AA9-9B71-8B058179CFBF}.Debug|Any CPU.Build.0 = Debug|Any CPU
		{31F53D12-C147-4AA9-9B71-8B058179CFBF}.Release|Any CPU.ActiveCfg = Release|Any CPU
		{31F53D12-C147-4AA9-9B71-8B058179CFBF}.Release|Any CPU.Build.0 = Release|Any CPU
		{0D3FAAF8-7855-4F15-A1A0-83CB46538A1A}.Debug|Any CPU.ActiveCfg = Debug|Any CPU
		{0D3FAAF8-7855-4F15-A1A0-83CB46538A1A}.Debug|Any CPU.Build.0 = Debug|Any CPU
		{0D3FAAF8-7855-4F15-A1A0-83CB46538A1A}.Release|Any CPU.ActiveCfg = Release|Any CPU
		{0D3FAAF8-7855-4F15-A1A0-83CB46538A1A}.Release|Any CPU.Build.0 = Release|Any CPU
		{34DEEDA3-2CF9-43B9-A105-A3D45DDA0C94}.Debug|Any CPU.ActiveCfg = Debug|Any CPU
		{34DEEDA3-2CF9-43B9-A105-A3D45DDA0C94}.Debug|Any CPU.Build.0 = Debug|Any CPU
		{34DEEDA3-2CF9-43B9-A105-A3D45DDA0C94}.Release|Any CPU.ActiveCfg = Release|Any CPU
		{34DEEDA3-2CF9-43B9-A105-A3D45DDA0C94}.Release|Any CPU.Build.0 = Release|Any CPU
		{AEF889BF-DC35-426E-B172-4EA2B6D76748}.Debug|Any CPU.ActiveCfg = Debug|Any CPU
		{AEF889BF-DC35-426E-B172-4EA2B6D76748}.Debug|Any CPU.Build.0 = Debug|Any CPU
		{AEF889BF-DC35-426E-B172-4EA2B6D76748}.Release|Any CPU.ActiveCfg = Release|Any CPU
		{AEF889BF-DC35-426E-B172-4EA2B6D76748}.Release|Any CPU.Build.0 = Release|Any CPU
		{697F4899-1441-4B6C-B271-1B753A16428D}.Debug|Any CPU.ActiveCfg = Debug|Any CPU
		{697F4899-1441-4B6C-B271-1B753A16428D}.Debug|Any CPU.Build.0 = Debug|Any CPU
		{697F4899-1441-4B6C-B271-1B753A16428D}.Release|Any CPU.ActiveCfg = Release|Any CPU
		{697F4899-1441-4B6C-B271-1B753A16428D}.Release|Any CPU.Build.0 = Release|Any CPU
		{79ED6424-EB9B-41C2-81EE-BB49C2372427}.Debug|Any CPU.ActiveCfg = Debug|Any CPU
		{79ED6424-EB9B-41C2-81EE-BB49C2372427}.Debug|Any CPU.Build.0 = Debug|Any CPU
		{79ED6424-EB9B-41C2-81EE-BB49C2372427}.Release|Any CPU.ActiveCfg = Release|Any CPU
		{79ED6424-EB9B-41C2-81EE-BB49C2372427}.Release|Any CPU.Build.0 = Release|Any CPU
		{3D845CCA-680B-4861-B146-F9432ADFBADC}.Debug|Any CPU.ActiveCfg = Debug|Any CPU
		{3D845CCA-680B-4861-B146-F9432ADFBADC}.Debug|Any CPU.Build.0 = Debug|Any CPU
		{3D845CCA-680B-4861-B146-F9432ADFBADC}.Release|Any CPU.ActiveCfg = Release|Any CPU
		{3D845CCA-680B-4861-B146-F9432ADFBADC}.Release|Any CPU.Build.0 = Release|Any CPU
		{23D66862-1655-4A27-90BB-1A868B457BDB}.Debug|Any CPU.ActiveCfg = Debug|Any CPU
		{23D66862-1655-4A27-90BB-1A868B457BDB}.Debug|Any CPU.Build.0 = Debug|Any CPU
		{23D66862-1655-4A27-90BB-1A868B457BDB}.Release|Any CPU.ActiveCfg = Release|Any CPU
		{23D66862-1655-4A27-90BB-1A868B457BDB}.Release|Any CPU.Build.0 = Release|Any CPU
		{73ECB619-4D87-4290-8246-857407D450A9}.Debug|Any CPU.ActiveCfg = Debug|Any CPU
		{73ECB619-4D87-4290-8246-857407D450A9}.Debug|Any CPU.Build.0 = Debug|Any CPU
		{73ECB619-4D87-4290-8246-857407D450A9}.Release|Any CPU.ActiveCfg = Release|Any CPU
		{73ECB619-4D87-4290-8246-857407D450A9}.Release|Any CPU.Build.0 = Release|Any CPU
		{1B13C474-B8CA-4BCB-9278-10FD379871F1}.Debug|Any CPU.ActiveCfg = Debug|Any CPU
		{1B13C474-B8CA-4BCB-9278-10FD379871F1}.Debug|Any CPU.Build.0 = Debug|Any CPU
		{1B13C474-B8CA-4BCB-9278-10FD379871F1}.Release|Any CPU.ActiveCfg = Release|Any CPU
		{1B13C474-B8CA-4BCB-9278-10FD379871F1}.Release|Any CPU.Build.0 = Release|Any CPU
		{337A8EB4-62DF-4522-86EA-5474C5F93D3D}.Debug|Any CPU.ActiveCfg = Debug|Any CPU
		{337A8EB4-62DF-4522-86EA-5474C5F93D3D}.Debug|Any CPU.Build.0 = Debug|Any CPU
		{337A8EB4-62DF-4522-86EA-5474C5F93D3D}.Release|Any CPU.ActiveCfg = Release|Any CPU
		{337A8EB4-62DF-4522-86EA-5474C5F93D3D}.Release|Any CPU.Build.0 = Release|Any CPU
		{C8A74D69-6A59-4678-81BE-98E95D708EE5}.Debug|Any CPU.ActiveCfg = Debug|Any CPU
		{C8A74D69-6A59-4678-81BE-98E95D708EE5}.Debug|Any CPU.Build.0 = Debug|Any CPU
		{C8A74D69-6A59-4678-81BE-98E95D708EE5}.Release|Any CPU.ActiveCfg = Release|Any CPU
		{C8A74D69-6A59-4678-81BE-98E95D708EE5}.Release|Any CPU.Build.0 = Release|Any CPU
		{6D162E3C-3961-4AD1-8840-EBFF3458FCCC}.Debug|Any CPU.ActiveCfg = Debug|Any CPU
		{6D162E3C-3961-4AD1-8840-EBFF3458FCCC}.Debug|Any CPU.Build.0 = Debug|Any CPU
		{6D162E3C-3961-4AD1-8840-EBFF3458FCCC}.Release|Any CPU.ActiveCfg = Release|Any CPU
		{6D162E3C-3961-4AD1-8840-EBFF3458FCCC}.Release|Any CPU.Build.0 = Release|Any CPU
		{2AF9461A-9D37-4F7A-9721-61C803EE712C}.Debug|Any CPU.ActiveCfg = Debug|Any CPU
		{2AF9461A-9D37-4F7A-9721-61C803EE712C}.Debug|Any CPU.Build.0 = Debug|Any CPU
		{2AF9461A-9D37-4F7A-9721-61C803EE712C}.Release|Any CPU.ActiveCfg = Release|Any CPU
		{2AF9461A-9D37-4F7A-9721-61C803EE712C}.Release|Any CPU.Build.0 = Release|Any CPU
		{A6D390D8-DEA4-4969-BE0E-4687458BBF5B}.Debug|Any CPU.ActiveCfg = Debug|Any CPU
		{A6D390D8-DEA4-4969-BE0E-4687458BBF5B}.Debug|Any CPU.Build.0 = Debug|Any CPU
		{A6D390D8-DEA4-4969-BE0E-4687458BBF5B}.Release|Any CPU.ActiveCfg = Release|Any CPU
		{A6D390D8-DEA4-4969-BE0E-4687458BBF5B}.Release|Any CPU.Build.0 = Release|Any CPU
		{8C58C65A-9254-43E2-9EDF-63AB49F6BA3C}.Debug|Any CPU.ActiveCfg = Debug|Any CPU
		{8C58C65A-9254-43E2-9EDF-63AB49F6BA3C}.Debug|Any CPU.Build.0 = Debug|Any CPU
		{8C58C65A-9254-43E2-9EDF-63AB49F6BA3C}.Release|Any CPU.ActiveCfg = Release|Any CPU
		{8C58C65A-9254-43E2-9EDF-63AB49F6BA3C}.Release|Any CPU.Build.0 = Release|Any CPU
		{95379F71-5C2C-4C41-B4D3-F0B8FB4EED88}.Debug|Any CPU.ActiveCfg = Debug|Any CPU
		{95379F71-5C2C-4C41-B4D3-F0B8FB4EED88}.Debug|Any CPU.Build.0 = Debug|Any CPU
		{95379F71-5C2C-4C41-B4D3-F0B8FB4EED88}.Release|Any CPU.ActiveCfg = Release|Any CPU
		{95379F71-5C2C-4C41-B4D3-F0B8FB4EED88}.Release|Any CPU.Build.0 = Release|Any CPU
		{05E8048F-CB95-4094-85D0-629A8091274D}.Debug|Any CPU.ActiveCfg = Debug|Any CPU
		{05E8048F-CB95-4094-85D0-629A8091274D}.Debug|Any CPU.Build.0 = Debug|Any CPU
		{05E8048F-CB95-4094-85D0-629A8091274D}.Release|Any CPU.ActiveCfg = Release|Any CPU
		{05E8048F-CB95-4094-85D0-629A8091274D}.Release|Any CPU.Build.0 = Release|Any CPU
		{319A4CFD-6CA1-4029-8A63-3BB1162C8654}.Debug|Any CPU.ActiveCfg = Debug|Any CPU
		{319A4CFD-6CA1-4029-8A63-3BB1162C8654}.Debug|Any CPU.Build.0 = Debug|Any CPU
		{319A4CFD-6CA1-4029-8A63-3BB1162C8654}.Release|Any CPU.ActiveCfg = Release|Any CPU
		{319A4CFD-6CA1-4029-8A63-3BB1162C8654}.Release|Any CPU.Build.0 = Release|Any CPU
		{4346EEE0-A751-4602-9927-9FED3F256D85}.Debug|Any CPU.ActiveCfg = Debug|Any CPU
		{4346EEE0-A751-4602-9927-9FED3F256D85}.Debug|Any CPU.Build.0 = Debug|Any CPU
		{4346EEE0-A751-4602-9927-9FED3F256D85}.Release|Any CPU.ActiveCfg = Release|Any CPU
		{4346EEE0-A751-4602-9927-9FED3F256D85}.Release|Any CPU.Build.0 = Release|Any CPU
		{971C1A5A-DE90-4741-9106-53214BF8F7A4}.Debug|Any CPU.ActiveCfg = Debug|Any CPU
		{971C1A5A-DE90-4741-9106-53214BF8F7A4}.Debug|Any CPU.Build.0 = Debug|Any CPU
		{971C1A5A-DE90-4741-9106-53214BF8F7A4}.Release|Any CPU.ActiveCfg = Release|Any CPU
		{971C1A5A-DE90-4741-9106-53214BF8F7A4}.Release|Any CPU.Build.0 = Release|Any CPU
		{10BCCC80-E501-437B-97C0-B2C2099AAF40}.Debug|Any CPU.ActiveCfg = Debug|Any CPU
		{10BCCC80-E501-437B-97C0-B2C2099AAF40}.Debug|Any CPU.Build.0 = Debug|Any CPU
		{10BCCC80-E501-437B-97C0-B2C2099AAF40}.Release|Any CPU.ActiveCfg = Release|Any CPU
		{10BCCC80-E501-437B-97C0-B2C2099AAF40}.Release|Any CPU.Build.0 = Release|Any CPU
		{93432C60-5B44-47E1-8241-A47D4D935E08}.Debug|Any CPU.ActiveCfg = Debug|Any CPU
		{93432C60-5B44-47E1-8241-A47D4D935E08}.Debug|Any CPU.Build.0 = Debug|Any CPU
		{93432C60-5B44-47E1-8241-A47D4D935E08}.Release|Any CPU.ActiveCfg = Release|Any CPU
		{93432C60-5B44-47E1-8241-A47D4D935E08}.Release|Any CPU.Build.0 = Release|Any CPU
		{315AE7C8-26B4-4E4B-9E3E-62647DE44C0D}.Debug|Any CPU.ActiveCfg = Debug|Any CPU
		{315AE7C8-26B4-4E4B-9E3E-62647DE44C0D}.Debug|Any CPU.Build.0 = Debug|Any CPU
		{315AE7C8-26B4-4E4B-9E3E-62647DE44C0D}.Release|Any CPU.ActiveCfg = Release|Any CPU
		{315AE7C8-26B4-4E4B-9E3E-62647DE44C0D}.Release|Any CPU.Build.0 = Release|Any CPU
		{67425975-F25E-4478-A199-DD083DB6D08B}.Debug|Any CPU.ActiveCfg = Debug|Any CPU
		{67425975-F25E-4478-A199-DD083DB6D08B}.Debug|Any CPU.Build.0 = Debug|Any CPU
		{67425975-F25E-4478-A199-DD083DB6D08B}.Release|Any CPU.ActiveCfg = Release|Any CPU
		{67425975-F25E-4478-A199-DD083DB6D08B}.Release|Any CPU.Build.0 = Release|Any CPU
		{BD32EEEE-E1BA-4DD3-9016-E7B4249E1853}.Debug|Any CPU.ActiveCfg = Debug|Any CPU
		{BD32EEEE-E1BA-4DD3-9016-E7B4249E1853}.Debug|Any CPU.Build.0 = Debug|Any CPU
		{BD32EEEE-E1BA-4DD3-9016-E7B4249E1853}.Release|Any CPU.ActiveCfg = Release|Any CPU
		{BD32EEEE-E1BA-4DD3-9016-E7B4249E1853}.Release|Any CPU.Build.0 = Release|Any CPU
		{73E1F2C7-08A1-4BE0-A71D-8AD29BE8D5F6}.Debug|Any CPU.ActiveCfg = Debug|Any CPU
		{73E1F2C7-08A1-4BE0-A71D-8AD29BE8D5F6}.Debug|Any CPU.Build.0 = Debug|Any CPU
		{73E1F2C7-08A1-4BE0-A71D-8AD29BE8D5F6}.Release|Any CPU.ActiveCfg = Release|Any CPU
		{73E1F2C7-08A1-4BE0-A71D-8AD29BE8D5F6}.Release|Any CPU.Build.0 = Release|Any CPU
		{819C7D5E-21B6-4903-B4FA-2FB51C1D5506}.Debug|Any CPU.ActiveCfg = Debug|Any CPU
		{819C7D5E-21B6-4903-B4FA-2FB51C1D5506}.Debug|Any CPU.Build.0 = Debug|Any CPU
		{819C7D5E-21B6-4903-B4FA-2FB51C1D5506}.Release|Any CPU.ActiveCfg = Release|Any CPU
		{819C7D5E-21B6-4903-B4FA-2FB51C1D5506}.Release|Any CPU.Build.0 = Release|Any CPU
		{116EDBEC-AA8D-4B62-A3FA-26FD5E369687}.Debug|Any CPU.ActiveCfg = Debug|Any CPU
		{116EDBEC-AA8D-4B62-A3FA-26FD5E369687}.Debug|Any CPU.Build.0 = Debug|Any CPU
		{116EDBEC-AA8D-4B62-A3FA-26FD5E369687}.Release|Any CPU.ActiveCfg = Release|Any CPU
		{116EDBEC-AA8D-4B62-A3FA-26FD5E369687}.Release|Any CPU.Build.0 = Release|Any CPU
	EndGlobalSection
	GlobalSection(NestedProjects) = preSolution
	EndGlobalSection
EndGlobal
