
Microsoft Visual Studio Solution File, Format Version 12.00
Project("{F2A71F9B-5D33-465A-A702-920D77279786}") = "f-sharp-examples", "f-sharp-examples\f-sharp-examples.fsproj", "{568B6A89-8223-488A-8F70-9835CD6C362D}"
EndProject
Project("{F2A71F9B-5D33-465A-A702-920D77279786}") = "E002_ConsoleOutput", "E002_ConsoleOutput\E002_ConsoleOutput.fsproj", "{5385F192-7108-44D0-86F4-8FF626C4F2C8}"
EndProject
Project("{F2A71F9B-5D33-465A-A702-920D77279786}") = "E003_FunctionBasics", "E003_FunctionBasics\E003_FunctionBasics.fsproj", "{CEEB91A4-7AA3-4EFD-BB0A-979933376777}"
EndProject
Project("{F2A71F9B-5D33-465A-A702-920D77279786}") = "E004_Conversion", "E004_Conversion\E004_Conversion.fsproj", "{847ED131-F3C7-4601-AC69-86D8F5CD1594}"
EndProject
Project("{F2A71F9B-5D33-465A-A702-920D77279786}") = "E005_TypeCasting", "E005_TypeCasting\E005_TypeCasting.fsproj", "{B087723D-2262-4F52-87B9-401BE6012884}"
EndProject
Project("{F2A71F9B-5D33-465A-A702-920D77279786}") = "E006_Arithmetic", "E006_Arithmetic\E006_Arithmetic.fsproj", "{85D46839-DA2E-4477-B3BB-0ED138682FDE}"
EndProject
Project("{F2A71F9B-5D33-465A-A702-920D77279786}") = "E007_Operators", "E007_Operators\E007_Operators.fsproj", "{04DF914D-B663-4B43-8356-EFCAFEC3ED5D}"
EndProject
Global
	GlobalSection(SolutionConfigurationPlatforms) = preSolution
		Debug|Any CPU = Debug|Any CPU
		Release|Any CPU = Release|Any CPU
	EndGlobalSection
	GlobalSection(ProjectConfigurationPlatforms) = postSolution
		{568B6A89-8223-488A-8F70-9835CD6C362D}.Debug|Any CPU.ActiveCfg = Debug|Any CPU
		{568B6A89-8223-488A-8F70-9835CD6C362D}.Debug|Any CPU.Build.0 = Debug|Any CPU
		{568B6A89-8223-488A-8F70-9835CD6C362D}.Release|Any CPU.ActiveCfg = Release|Any CPU
		{568B6A89-8223-488A-8F70-9835CD6C362D}.Release|Any CPU.Build.0 = Release|Any CPU
		{5385F192-7108-44D0-86F4-8FF626C4F2C8}.Debug|Any CPU.ActiveCfg = Debug|Any CPU
		{5385F192-7108-44D0-86F4-8FF626C4F2C8}.Debug|Any CPU.Build.0 = Debug|Any CPU
		{5385F192-7108-44D0-86F4-8FF626C4F2C8}.Release|Any CPU.ActiveCfg = Release|Any CPU
		{5385F192-7108-44D0-86F4-8FF626C4F2C8}.Release|Any CPU.Build.0 = Release|Any CPU
		{CEEB91A4-7AA3-4EFD-BB0A-979933376777}.Debug|Any CPU.ActiveCfg = Debug|Any CPU
		{CEEB91A4-7AA3-4EFD-BB0A-979933376777}.Debug|Any CPU.Build.0 = Debug|Any CPU
		{CEEB91A4-7AA3-4EFD-BB0A-979933376777}.Release|Any CPU.ActiveCfg = Release|Any CPU
		{CEEB91A4-7AA3-4EFD-BB0A-979933376777}.Release|Any CPU.Build.0 = Release|Any CPU
		{847ED131-F3C7-4601-AC69-86D8F5CD1594}.Debug|Any CPU.ActiveCfg = Debug|Any CPU
		{847ED131-F3C7-4601-AC69-86D8F5CD1594}.Debug|Any CPU.Build.0 = Debug|Any CPU
		{847ED131-F3C7-4601-AC69-86D8F5CD1594}.Release|Any CPU.ActiveCfg = Release|Any CPU
		{847ED131-F3C7-4601-AC69-86D8F5CD1594}.Release|Any CPU.Build.0 = Release|Any CPU
		{B087723D-2262-4F52-87B9-401BE6012884}.Debug|Any CPU.ActiveCfg = Debug|Any CPU
		{B087723D-2262-4F52-87B9-401BE6012884}.Debug|Any CPU.Build.0 = Debug|Any CPU
		{B087723D-2262-4F52-87B9-401BE6012884}.Release|Any CPU.ActiveCfg = Release|Any CPU
		{B087723D-2262-4F52-87B9-401BE6012884}.Release|Any CPU.Build.0 = Release|Any CPU
		{85D46839-DA2E-4477-B3BB-0ED138682FDE}.Debug|Any CPU.ActiveCfg = Debug|Any CPU
		{85D46839-DA2E-4477-B3BB-0ED138682FDE}.Debug|Any CPU.Build.0 = Debug|Any CPU
		{85D46839-DA2E-4477-B3BB-0ED138682FDE}.Release|Any CPU.ActiveCfg = Release|Any CPU
		{85D46839-DA2E-4477-B3BB-0ED138682FDE}.Release|Any CPU.Build.0 = Release|Any CPU
		{04DF914D-B663-4B43-8356-EFCAFEC3ED5D}.Debug|Any CPU.ActiveCfg = Debug|Any CPU
		{04DF914D-B663-4B43-8356-EFCAFEC3ED5D}.Debug|Any CPU.Build.0 = Debug|Any CPU
		{04DF914D-B663-4B43-8356-EFCAFEC3ED5D}.Release|Any CPU.ActiveCfg = Release|Any CPU
		{04DF914D-B663-4B43-8356-EFCAFEC3ED5D}.Release|Any CPU.Build.0 = Release|Any CPU
	EndGlobalSection
EndGlobal
